
Microsoft Visual Studio Solution File, Format Version 12.00
# Visual Studio Version 17
VisualStudioVersion = 17.2.32516.85
MinimumVisualStudioVersion = 10.0.40219.1
Project("{FAE04EC0-301F-11D3-BF4B-00C04F79EFBC}") = "KanyeVSRonSwanson", "KanyeVSRonSwanson\KanyeVSRonSwanson.csproj", "{7EDBF51F-6EA1-4C23-A39B-BCD265DDB67C}"
EndProject
Global
	GlobalSection(SolutionConfigurationPlatforms) = preSolution
		Debug|Any CPU = Debug|Any CPU
		Release|Any CPU = Release|Any CPU
	EndGlobalSection
	GlobalSection(ProjectConfigurationPlatforms) = postSolution
		{7EDBF51F-6EA1-4C23-A39B-BCD265DDB67C}.Debug|Any CPU.ActiveCfg = Debug|Any CPU
		{7EDBF51F-6EA1-4C23-A39B-BCD265DDB67C}.Debug|Any CPU.Build.0 = Debug|Any CPU
		{7EDBF51F-6EA1-4C23-A39B-BCD265DDB67C}.Release|Any CPU.ActiveCfg = Release|Any CPU
		{7EDBF51F-6EA1-4C23-A39B-BCD265DDB67C}.Release|Any CPU.Build.0 = Release|Any CPU
	EndGlobalSection
	GlobalSection(SolutionProperties) = preSolution
		HideSolutionNode = FALSE
	EndGlobalSection
	GlobalSection(ExtensibilityGlobals) = postSolution
		SolutionGuid = {E241677F-99D2-42B9-B511-133DB9DFBEE7}
	EndGlobalSection
EndGlobal
